<?xml version="1.0" encoding="utf-8"?>
<Project ToolsVersion="4.0" xmlns="http://schemas.microsoft.com/developer/msbuild/2003">
  <ItemGroup>
    <Filter Include="Source Files">
      <UniqueIdentifier>{4FC737F1-C7A5-4376-A066-2A32D752A2FF}</UniqueIdentifier>
      <Extensions>cpp;c;cc;cxx;def;odl;idl;hpj;bat;asm;asmx</Extensions>
    </Filter>
    <Filter Include="Header Files">
      <UniqueIdentifier>{93995380-89BD-4b04-88EB-625FBE52EBFB}</UniqueIdentifier>
      <Extensions>h;hh;hpp;hxx;hm;inl;inc;xsd</Extensions>
    </Filter>
    <Filter Include="Resource Files">
      <UniqueIdentifier>{67DA6AB6-F800-4c08-8B7A-83BB121AAD01}</UniqueIdentifier>
      <Extensions>rc;ico;cur;bmp;dlg;rc2;rct;bin;rgs;gif;jpg;jpeg;jpe;resx;tiff;tif;png;wav;mfcribbon-ms</Extensions>
    </Filter>
  </ItemGroup>
  <ItemGroup>
    <ClCompile Include="Source.c">
      <Filter>Source Files</Filter>
    </ClCompile>
    <ClCompile Include="AddWorker.c">
      <Filter>Source Files</Filter>
    </ClCompile>
    <ClCompile Include="Dionica.c">
      <Filter>Source Files</Filter>
    </ClCompile>
    <ClCompile Include="InfoChange.c">
      <Filter>Source Files</Filter>
    </ClCompile>
    <ClCompile Include="LoginCheck.c">
      <Filter>Source Files</Filter>
    </ClCompile>
    <ClCompile Include="Person.c">
      <Filter>Source Files</Filter>
    </ClCompile>
    <ClCompile Include="Printing.c">
      <Filter>Source Files</Filter>
    </ClCompile>
    <ClCompile Include="PriceCalculation.c">
      <Filter>Source Files</Filter>
    </ClCompile>
    <ClCompile Include="PasswordFinder.c">
      <Filter>Source Files</Filter>
    </ClCompile>
    <ClCompile Include="Report.c">
      <Filter>Source Files</Filter>
    </ClCompile>
    <ClCompile Include="RoadStatisticsChange.c">
      <Filter>Source Files</Filter>
    </ClCompile>
    <ClCompile Include="AddFirm.c">
      <Filter>Source Files</Filter>
    </ClCompile>
  </ItemGroup>
  <ItemGroup>
    <ClInclude Include="Printing.h">
      <Filter>Header Files</Filter>
    </ClInclude>
    <ClInclude Include="AddWorker.h">
      <Filter>Header Files</Filter>
    </ClInclude>
    <ClInclude Include="Person.h">
      <Filter>Header Files</Filter>
    </ClInclude>
    <ClInclude Include="Date.h">
      <Filter>Header Files</Filter>
    </ClInclude>
    <ClInclude Include="InfoChange.h">
      <Filter>Header Files</Filter>
    </ClInclude>
    <ClInclude Include="LoginCheck.h">
      <Filter>Header Files</Filter>
    </ClInclude>
    <ClInclude Include="Dionica.h">
      <Filter>Header Files</Filter>
    </ClInclude>
    <ClInclude Include="PriceCalculation.h">
      <Filter>Header Files</Filter>
    </ClInclude>
    <ClInclude Include="PasswordFinder.h">
      <Filter>Header Files</Filter>
    </ClInclude>
    <ClInclude Include="Report.h">
      <Filter>Header Files</Filter>
    </ClInclude>
    <ClInclude Include="RoadStatisticsChange.h">
      <Filter>Header Files</Filter>
    </ClInclude>
    <ClInclude Include="AddFirm.h">
      <Filter>Header Files</Filter>
    </ClInclude>
  </ItemGroup>
</Project>